// !$*UTF8*$!
{
	archiveVersion = 1;
	classes = {
	};
	objectVersion = 46;
	objects = {

/* Begin PBXBuildFile section */
		08F292E880DA4455BDCB3D05 /* libPods.a in Frameworks */ = {isa = PBXBuildFile; fileRef = 2E2671156FD7480CB2F5F195 /* libPods.a */; };
		84DA3357183792FA00DC010F /* Kanobu.xcdatamodeld in Sources */ = {isa = PBXBuildFile; fileRef = 84DA3355183792FA00DC010F /* Kanobu.xcdatamodeld */; };
		84DA33631837955600DC010F /* KNAccessToken.m in Sources */ = {isa = PBXBuildFile; fileRef = 84DA33621837955600DC010F /* KNAccessToken.m */; };
		84DA33661837995B00DC010F /* KNApi.m in Sources */ = {isa = PBXBuildFile; fileRef = 84DA33651837995B00DC010F /* KNApi.m */; };
		84DA336A18379A5100DC010F /* KNApiModel.m in Sources */ = {isa = PBXBuildFile; fileRef = 84DA336918379A5100DC010F /* KNApiModel.m */; };
		84DA336D18379DFB00DC010F /* KNRKModel.m in Sources */ = {isa = PBXBuildFile; fileRef = 84DA336C18379DFB00DC010F /* KNRKModel.m */; };
		CE53CE8B1824104B00AE961C /* Foundation.framework in Frameworks */ = {isa = PBXBuildFile; fileRef = CE53CE8A1824104B00AE961C /* Foundation.framework */; };
		CE53CE8D1824104B00AE961C /* CoreGraphics.framework in Frameworks */ = {isa = PBXBuildFile; fileRef = CE53CE8C1824104B00AE961C /* CoreGraphics.framework */; };
		CE53CE8F1824104B00AE961C /* UIKit.framework in Frameworks */ = {isa = PBXBuildFile; fileRef = CE53CE8E1824104B00AE961C /* UIKit.framework */; };
		CE53CE951824104B00AE961C /* InfoPlist.strings in Resources */ = {isa = PBXBuildFile; fileRef = CE53CE931824104B00AE961C /* InfoPlist.strings */; };
		CE53CE971824104B00AE961C /* main.m in Sources */ = {isa = PBXBuildFile; fileRef = CE53CE961824104B00AE961C /* main.m */; };
		CE53CE9B1824104B00AE961C /* KNAppDelegate.m in Sources */ = {isa = PBXBuildFile; fileRef = CE53CE9A1824104B00AE961C /* KNAppDelegate.m */; };
		CE53CE9E1824104B00AE961C /* Main_iPhone.storyboard in Resources */ = {isa = PBXBuildFile; fileRef = CE53CE9C1824104B00AE961C /* Main_iPhone.storyboard */; };
		CE53CEA11824104B00AE961C /* Main_iPad.storyboard in Resources */ = {isa = PBXBuildFile; fileRef = CE53CE9F1824104B00AE961C /* Main_iPad.storyboard */; };
		CE53CEA41824104B00AE961C /* KNFirstViewController.m in Sources */ = {isa = PBXBuildFile; fileRef = CE53CEA31824104B00AE961C /* KNFirstViewController.m */; };
		CE53CEA71824104B00AE961C /* KNLoginViewController.m in Sources */ = {isa = PBXBuildFile; fileRef = CE53CEA61824104B00AE961C /* KNLoginViewController.m */; };
		CE53CEA91824104B00AE961C /* Images.xcassets in Resources */ = {isa = PBXBuildFile; fileRef = CE53CEA81824104B00AE961C /* Images.xcassets */; };
		CE53CEB01824104B00AE961C /* XCTest.framework in Frameworks */ = {isa = PBXBuildFile; fileRef = CE53CEAF1824104B00AE961C /* XCTest.framework */; };
		CE53CEB11824104B00AE961C /* Foundation.framework in Frameworks */ = {isa = PBXBuildFile; fileRef = CE53CE8A1824104B00AE961C /* Foundation.framework */; };
		CE53CEB21824104B00AE961C /* UIKit.framework in Frameworks */ = {isa = PBXBuildFile; fileRef = CE53CE8E1824104B00AE961C /* UIKit.framework */; };
		CE53CEBA1824104B00AE961C /* InfoPlist.strings in Resources */ = {isa = PBXBuildFile; fileRef = CE53CEB81824104B00AE961C /* InfoPlist.strings */; };
		CE53CEBC1824104B00AE961C /* KanobuTests.m in Sources */ = {isa = PBXBuildFile; fileRef = CE53CEBB1824104B00AE961C /* KanobuTests.m */; };
		CED53367182FF4FF00EBBA5D /* QuartzCore.framework in Frameworks */ = {isa = PBXBuildFile; fileRef = CED53366182FF4FF00EBBA5D /* QuartzCore.framework */; };
		CED53369182FF50500EBBA5D /* CoreData.framework in Frameworks */ = {isa = PBXBuildFile; fileRef = CED53368182FF50500EBBA5D /* CoreData.framework */; };
		CED5336B182FF51000EBBA5D /* CFNetwork.framework in Frameworks */ = {isa = PBXBuildFile; fileRef = CED5336A182FF51000EBBA5D /* CFNetwork.framework */; };
		CED5336D182FF51800EBBA5D /* MobileCoreServices.framework in Frameworks */ = {isa = PBXBuildFile; fileRef = CED5336C182FF51800EBBA5D /* MobileCoreServices.framework */; };
		CED5336F182FF51D00EBBA5D /* Security.framework in Frameworks */ = {isa = PBXBuildFile; fileRef = CED5336E182FF51D00EBBA5D /* Security.framework */; };
		CED53371182FF54300EBBA5D /* SystemConfiguration.framework in Frameworks */ = {isa = PBXBuildFile; fileRef = CED53370182FF54300EBBA5D /* SystemConfiguration.framework */; };
		CED88F1E182AC7150013CF78 /* Localizable.strings in Resources */ = {isa = PBXBuildFile; fileRef = CED88F20182AC7150013CF78 /* Localizable.strings */; };
		CED88F28182AD10C0013CF78 /* KNLoginModel.m in Sources */ = {isa = PBXBuildFile; fileRef = CED88F27182AD10C0013CF78 /* KNLoginModel.m */; };
/* End PBXBuildFile section */

/* Begin PBXContainerItemProxy section */
		CE53CEB31824104B00AE961C /* PBXContainerItemProxy */ = {
			isa = PBXContainerItemProxy;
			containerPortal = CE53CE7F1824104B00AE961C /* Project object */;
			proxyType = 1;
			remoteGlobalIDString = CE53CE861824104B00AE961C;
			remoteInfo = Kanobu;
		};
/* End PBXContainerItemProxy section */

/* Begin PBXFileReference section */
		2E2671156FD7480CB2F5F195 /* libPods.a */ = {isa = PBXFileReference; explicitFileType = archive.ar; includeInIndex = 0; path = libPods.a; sourceTree = BUILT_PRODUCTS_DIR; };
		32CAE7FF198B4CC5AC1BD742 /* Pods.xcconfig */ = {isa = PBXFileReference; includeInIndex = 1; lastKnownFileType = text.xcconfig; name = Pods.xcconfig; path = Pods/Pods.xcconfig; sourceTree = "<group>"; };
		84DA3356183792FA00DC010F /* Kanobu.xcdatamodel */ = {isa = PBXFileReference; lastKnownFileType = wrapper.xcdatamodel; path = Kanobu.xcdatamodel; sourceTree = "<group>"; };
		84DA33611837955600DC010F /* KNAccessToken.h */ = {isa = PBXFileReference; fileEncoding = 4; lastKnownFileType = sourcecode.c.h; path = KNAccessToken.h; sourceTree = "<group>"; };
		84DA33621837955600DC010F /* KNAccessToken.m */ = {isa = PBXFileReference; fileEncoding = 4; lastKnownFileType = sourcecode.c.objc; path = KNAccessToken.m; sourceTree = "<group>"; };
		84DA33641837995B00DC010F /* KNApi.h */ = {isa = PBXFileReference; fileEncoding = 4; lastKnownFileType = sourcecode.c.h; path = KNApi.h; sourceTree = "<group>"; };
		84DA33651837995B00DC010F /* KNApi.m */ = {isa = PBXFileReference; fileEncoding = 4; lastKnownFileType = sourcecode.c.objc; path = KNApi.m; sourceTree = "<group>"; };
		84DA336818379A5100DC010F /* KNApiModel.h */ = {isa = PBXFileReference; fileEncoding = 4; lastKnownFileType = sourcecode.c.h; path = KNApiModel.h; sourceTree = "<group>"; };
		84DA336918379A5100DC010F /* KNApiModel.m */ = {isa = PBXFileReference; fileEncoding = 4; lastKnownFileType = sourcecode.c.objc; path = KNApiModel.m; sourceTree = "<group>"; };
		84DA336B18379DFB00DC010F /* KNRKModel.h */ = {isa = PBXFileReference; fileEncoding = 4; lastKnownFileType = sourcecode.c.h; path = KNRKModel.h; sourceTree = "<group>"; };
		84DA336C18379DFB00DC010F /* KNRKModel.m */ = {isa = PBXFileReference; fileEncoding = 4; lastKnownFileType = sourcecode.c.objc; path = KNRKModel.m; sourceTree = "<group>"; };
		CE53CE871824104B00AE961C /* Kanobu.app */ = {isa = PBXFileReference; explicitFileType = wrapper.application; includeInIndex = 0; path = Kanobu.app; sourceTree = BUILT_PRODUCTS_DIR; };
		CE53CE8A1824104B00AE961C /* Foundation.framework */ = {isa = PBXFileReference; lastKnownFileType = wrapper.framework; name = Foundation.framework; path = System/Library/Frameworks/Foundation.framework; sourceTree = SDKROOT; };
		CE53CE8C1824104B00AE961C /* CoreGraphics.framework */ = {isa = PBXFileReference; lastKnownFileType = wrapper.framework; name = CoreGraphics.framework; path = System/Library/Frameworks/CoreGraphics.framework; sourceTree = SDKROOT; };
		CE53CE8E1824104B00AE961C /* UIKit.framework */ = {isa = PBXFileReference; lastKnownFileType = wrapper.framework; name = UIKit.framework; path = System/Library/Frameworks/UIKit.framework; sourceTree = SDKROOT; };
		CE53CE921824104B00AE961C /* Kanobu-Info.plist */ = {isa = PBXFileReference; lastKnownFileType = text.plist.xml; path = "Kanobu-Info.plist"; sourceTree = "<group>"; };
		CE53CE941824104B00AE961C /* en */ = {isa = PBXFileReference; lastKnownFileType = text.plist.strings; name = en; path = en.lproj/InfoPlist.strings; sourceTree = "<group>"; };
		CE53CE961824104B00AE961C /* main.m */ = {isa = PBXFileReference; lastKnownFileType = sourcecode.c.objc; path = main.m; sourceTree = "<group>"; };
		CE53CE981824104B00AE961C /* Kanobu-Prefix.pch */ = {isa = PBXFileReference; lastKnownFileType = sourcecode.c.h; path = "Kanobu-Prefix.pch"; sourceTree = "<group>"; };
		CE53CE991824104B00AE961C /* KNAppDelegate.h */ = {isa = PBXFileReference; lastKnownFileType = sourcecode.c.h; path = KNAppDelegate.h; sourceTree = "<group>"; };
		CE53CE9A1824104B00AE961C /* KNAppDelegate.m */ = {isa = PBXFileReference; lastKnownFileType = sourcecode.c.objc; path = KNAppDelegate.m; sourceTree = "<group>"; };
		CE53CE9D1824104B00AE961C /* Base */ = {isa = PBXFileReference; lastKnownFileType = file.storyboard; name = Base; path = Base.lproj/Main_iPhone.storyboard; sourceTree = "<group>"; };
		CE53CEA01824104B00AE961C /* Base */ = {isa = PBXFileReference; lastKnownFileType = file.storyboard; name = Base; path = Base.lproj/Main_iPad.storyboard; sourceTree = "<group>"; };
		CE53CEA21824104B00AE961C /* KNFirstViewController.h */ = {isa = PBXFileReference; lastKnownFileType = sourcecode.c.h; path = KNFirstViewController.h; sourceTree = "<group>"; };
		CE53CEA31824104B00AE961C /* KNFirstViewController.m */ = {isa = PBXFileReference; lastKnownFileType = sourcecode.c.objc; path = KNFirstViewController.m; sourceTree = "<group>"; };
		CE53CEA51824104B00AE961C /* KNLoginViewController.h */ = {isa = PBXFileReference; lastKnownFileType = sourcecode.c.h; path = KNLoginViewController.h; sourceTree = "<group>"; };
		CE53CEA61824104B00AE961C /* KNLoginViewController.m */ = {isa = PBXFileReference; lastKnownFileType = sourcecode.c.objc; path = KNLoginViewController.m; sourceTree = "<group>"; };
		CE53CEA81824104B00AE961C /* Images.xcassets */ = {isa = PBXFileReference; lastKnownFileType = folder.assetcatalog; path = Images.xcassets; sourceTree = "<group>"; };
		CE53CEAE1824104B00AE961C /* KanobuTests.xctest */ = {isa = PBXFileReference; explicitFileType = wrapper.cfbundle; includeInIndex = 0; path = KanobuTests.xctest; sourceTree = BUILT_PRODUCTS_DIR; };
		CE53CEAF1824104B00AE961C /* XCTest.framework */ = {isa = PBXFileReference; lastKnownFileType = wrapper.framework; name = XCTest.framework; path = Library/Frameworks/XCTest.framework; sourceTree = DEVELOPER_DIR; };
		CE53CEB71824104B00AE961C /* KanobuTests-Info.plist */ = {isa = PBXFileReference; lastKnownFileType = text.plist.xml; path = "KanobuTests-Info.plist"; sourceTree = "<group>"; };
		CE53CEB91824104B00AE961C /* en */ = {isa = PBXFileReference; lastKnownFileType = text.plist.strings; name = en; path = en.lproj/InfoPlist.strings; sourceTree = "<group>"; };
		CE53CEBB1824104B00AE961C /* KanobuTests.m */ = {isa = PBXFileReference; lastKnownFileType = sourcecode.c.objc; path = KanobuTests.m; sourceTree = "<group>"; };
		CED53366182FF4FF00EBBA5D /* QuartzCore.framework */ = {isa = PBXFileReference; lastKnownFileType = wrapper.framework; name = QuartzCore.framework; path = System/Library/Frameworks/QuartzCore.framework; sourceTree = SDKROOT; };
		CED53368182FF50500EBBA5D /* CoreData.framework */ = {isa = PBXFileReference; lastKnownFileType = wrapper.framework; name = CoreData.framework; path = System/Library/Frameworks/CoreData.framework; sourceTree = SDKROOT; };
		CED5336A182FF51000EBBA5D /* CFNetwork.framework */ = {isa = PBXFileReference; lastKnownFileType = wrapper.framework; name = CFNetwork.framework; path = System/Library/Frameworks/CFNetwork.framework; sourceTree = SDKROOT; };
		CED5336C182FF51800EBBA5D /* MobileCoreServices.framework */ = {isa = PBXFileReference; lastKnownFileType = wrapper.framework; name = MobileCoreServices.framework; path = System/Library/Frameworks/MobileCoreServices.framework; sourceTree = SDKROOT; };
		CED5336E182FF51D00EBBA5D /* Security.framework */ = {isa = PBXFileReference; lastKnownFileType = wrapper.framework; name = Security.framework; path = System/Library/Frameworks/Security.framework; sourceTree = SDKROOT; };
		CED53370182FF54300EBBA5D /* SystemConfiguration.framework */ = {isa = PBXFileReference; lastKnownFileType = wrapper.framework; name = SystemConfiguration.framework; path = System/Library/Frameworks/SystemConfiguration.framework; sourceTree = SDKROOT; };
		CED88F1A182AC70E0013CF78 /* ru-RU */ = {isa = PBXFileReference; lastKnownFileType = text.plist.strings; name = "ru-RU"; path = "ru-RU.lproj/Main_iPhone.strings"; sourceTree = "<group>"; };
		CED88F1B182AC70E0013CF78 /* ru-RU */ = {isa = PBXFileReference; lastKnownFileType = text.plist.strings; name = "ru-RU"; path = "ru-RU.lproj/Main_iPad.strings"; sourceTree = "<group>"; };
		CED88F1C182AC70E0013CF78 /* ru-RU */ = {isa = PBXFileReference; lastKnownFileType = text.plist.strings; name = "ru-RU"; path = "ru-RU.lproj/InfoPlist.strings"; sourceTree = "<group>"; };
		CED88F1D182AC70E0013CF78 /* ru-RU */ = {isa = PBXFileReference; lastKnownFileType = text.plist.strings; name = "ru-RU"; path = "ru-RU.lproj/InfoPlist.strings"; sourceTree = "<group>"; };
		CED88F1F182AC7150013CF78 /* Base */ = {isa = PBXFileReference; lastKnownFileType = text.plist.strings; name = Base; path = Base.lproj/Localizable.strings; sourceTree = "<group>"; };
		CED88F21182AC7190013CF78 /* ru-RU */ = {isa = PBXFileReference; lastKnownFileType = text.plist.strings; name = "ru-RU"; path = "ru-RU.lproj/Localizable.strings"; sourceTree = "<group>"; };
		CED88F26182AD10C0013CF78 /* KNLoginModel.h */ = {isa = PBXFileReference; fileEncoding = 4; lastKnownFileType = sourcecode.c.h; path = KNLoginModel.h; sourceTree = "<group>"; };
		CED88F27182AD10C0013CF78 /* KNLoginModel.m */ = {isa = PBXFileReference; fileEncoding = 4; lastKnownFileType = sourcecode.c.objc; path = KNLoginModel.m; sourceTree = "<group>"; };
/* End PBXFileReference section */

/* Begin PBXFrameworksBuildPhase section */
		CE53CE841824104B00AE961C /* Frameworks */ = {
			isa = PBXFrameworksBuildPhase;
			buildActionMask = 2147483647;
			files = (
				CED53371182FF54300EBBA5D /* SystemConfiguration.framework in Frameworks */,
				CED5336F182FF51D00EBBA5D /* Security.framework in Frameworks */,
				CED5336D182FF51800EBBA5D /* MobileCoreServices.framework in Frameworks */,
				CED5336B182FF51000EBBA5D /* CFNetwork.framework in Frameworks */,
				CED53369182FF50500EBBA5D /* CoreData.framework in Frameworks */,
				CED53367182FF4FF00EBBA5D /* QuartzCore.framework in Frameworks */,
				CE53CE8D1824104B00AE961C /* CoreGraphics.framework in Frameworks */,
				CE53CE8F1824104B00AE961C /* UIKit.framework in Frameworks */,
				CE53CE8B1824104B00AE961C /* Foundation.framework in Frameworks */,
				08F292E880DA4455BDCB3D05 /* libPods.a in Frameworks */,
			);
			runOnlyForDeploymentPostprocessing = 0;
		};
		CE53CEAB1824104B00AE961C /* Frameworks */ = {
			isa = PBXFrameworksBuildPhase;
			buildActionMask = 2147483647;
			files = (
				CE53CEB01824104B00AE961C /* XCTest.framework in Frameworks */,
				CE53CEB21824104B00AE961C /* UIKit.framework in Frameworks */,
				CE53CEB11824104B00AE961C /* Foundation.framework in Frameworks */,
			);
			runOnlyForDeploymentPostprocessing = 0;
		};
/* End PBXFrameworksBuildPhase section */

/* Begin PBXGroup section */
		84DA33671837996500DC010F /* Data Access Layer */ = {
			isa = PBXGroup;
			children = (
				84DA336B18379DFB00DC010F /* KNRKModel.h */,
				84DA336C18379DFB00DC010F /* KNRKModel.m */,
				84DA336818379A5100DC010F /* KNApiModel.h */,
				84DA336918379A5100DC010F /* KNApiModel.m */,
				CED88F26182AD10C0013CF78 /* KNLoginModel.h */,
				CED88F27182AD10C0013CF78 /* KNLoginModel.m */,
				84DA336E18379E2A00DC010F /* Data */,
			);
			name = "Data Access Layer";
			sourceTree = "<group>";
		};
		84DA336E18379E2A00DC010F /* Data */ = {
			isa = PBXGroup;
			children = (
				84DA33641837995B00DC010F /* KNApi.h */,
				84DA33651837995B00DC010F /* KNApi.m */,
				84DA33611837955600DC010F /* KNAccessToken.h */,
				84DA33621837955600DC010F /* KNAccessToken.m */,
			);
			name = Data;
			sourceTree = "<group>";
		};
		CE53CE7E1824104B00AE961C = {
			isa = PBXGroup;
			children = (
				CE53CE901824104B00AE961C /* Kanobu */,
				CE53CEB51824104B00AE961C /* KanobuTests */,
				CE53CE891824104B00AE961C /* Frameworks */,
				CE53CE881824104B00AE961C /* Products */,
				32CAE7FF198B4CC5AC1BD742 /* Pods.xcconfig */,
			);
			sourceTree = "<group>";
		};
		CE53CE881824104B00AE961C /* Products */ = {
			isa = PBXGroup;
			children = (
				CE53CE871824104B00AE961C /* Kanobu.app */,
				CE53CEAE1824104B00AE961C /* KanobuTests.xctest */,
			);
			name = Products;
			sourceTree = "<group>";
		};
		CE53CE891824104B00AE961C /* Frameworks */ = {
			isa = PBXGroup;
			children = (
				CED53370182FF54300EBBA5D /* SystemConfiguration.framework */,
				CED5336E182FF51D00EBBA5D /* Security.framework */,
				CED5336C182FF51800EBBA5D /* MobileCoreServices.framework */,
				CED5336A182FF51000EBBA5D /* CFNetwork.framework */,
				CED53368182FF50500EBBA5D /* CoreData.framework */,
				CED53366182FF4FF00EBBA5D /* QuartzCore.framework */,
				CE53CE8A1824104B00AE961C /* Foundation.framework */,
				CE53CE8C1824104B00AE961C /* CoreGraphics.framework */,
				CE53CE8E1824104B00AE961C /* UIKit.framework */,
				CE53CEAF1824104B00AE961C /* XCTest.framework */,
				2E2671156FD7480CB2F5F195 /* libPods.a */,
			);
			name = Frameworks;
			sourceTree = "<group>";
		};
		CE53CE901824104B00AE961C /* Kanobu */ = {
			isa = PBXGroup;
			children = (
				84DA3355183792FA00DC010F /* Kanobu.xcdatamodeld */,
				84DA33671837996500DC010F /* Data Access Layer */,
				CED53365182FF29900EBBA5D /* Login Scene */,
				CED88F23182AC7810013CF78 /* Other Views */,
				CE53CE991824104B00AE961C /* KNAppDelegate.h */,
				CE53CE9A1824104B00AE961C /* KNAppDelegate.m */,
				CE53CEA21824104B00AE961C /* KNFirstViewController.h */,
				CE53CEA31824104B00AE961C /* KNFirstViewController.m */,
				CE53CE9C1824104B00AE961C /* Main_iPhone.storyboard */,
				CE53CE9F1824104B00AE961C /* Main_iPad.storyboard */,
				CE53CEA81824104B00AE961C /* Images.xcassets */,
				CE53CE911824104B00AE961C /* Supporting Files */,
			);
			path = Kanobu;
			sourceTree = "<group>";
		};
		CE53CE911824104B00AE961C /* Supporting Files */ = {
			isa = PBXGroup;
			children = (
				CE53CE921824104B00AE961C /* Kanobu-Info.plist */,
				CE53CE931824104B00AE961C /* InfoPlist.strings */,
				CE53CE961824104B00AE961C /* main.m */,
				CE53CE981824104B00AE961C /* Kanobu-Prefix.pch */,
				CED88F20182AC7150013CF78 /* Localizable.strings */,
			);
			name = "Supporting Files";
			sourceTree = "<group>";
		};
		CE53CEB51824104B00AE961C /* KanobuTests */ = {
			isa = PBXGroup;
			children = (
				CE53CEBB1824104B00AE961C /* KanobuTests.m */,
				CE53CEB61824104B00AE961C /* Supporting Files */,
			);
			path = KanobuTests;
			sourceTree = "<group>";
		};
		CE53CEB61824104B00AE961C /* Supporting Files */ = {
			isa = PBXGroup;
			children = (
				CE53CEB71824104B00AE961C /* KanobuTests-Info.plist */,
				CE53CEB81824104B00AE961C /* InfoPlist.strings */,
			);
			name = "Supporting Files";
			sourceTree = "<group>";
		};
		CED53365182FF29900EBBA5D /* Login Scene */ = {
			isa = PBXGroup;
			children = (
				CE53CEA51824104B00AE961C /* KNLoginViewController.h */,
				CE53CEA61824104B00AE961C /* KNLoginViewController.m */,
			);
			name = "Login Scene";
			sourceTree = "<group>";
		};
		CED88F23182AC7810013CF78 /* Other Views */ = {
			isa = PBXGroup;
			children = (
			);
			name = "Other Views";
			sourceTree = "<group>";
		};
/* End PBXGroup section */

/* Begin PBXNativeTarget section */
		CE53CE861824104B00AE961C /* Kanobu */ = {
			isa = PBXNativeTarget;
			buildConfigurationList = CE53CEBF1824104B00AE961C /* Build configuration list for PBXNativeTarget "Kanobu" */;
			buildPhases = (
				42B1C78DD74B4D7ABF8F2251 /* Check Pods Manifest.lock */,
				CE53CE831824104B00AE961C /* Sources */,
				CE53CE841824104B00AE961C /* Frameworks */,
				CE53CE851824104B00AE961C /* Resources */,
				3670FF9DA7244102864DB47A /* Copy Pods Resources */,
			);
			buildRules = (
			);
			dependencies = (
			);
			name = Kanobu;
			productName = Kanobu;
			productReference = CE53CE871824104B00AE961C /* Kanobu.app */;
			productType = "com.apple.product-type.application";
		};
		CE53CEAD1824104B00AE961C /* KanobuTests */ = {
			isa = PBXNativeTarget;
			buildConfigurationList = CE53CEC21824104B00AE961C /* Build configuration list for PBXNativeTarget "KanobuTests" */;
			buildPhases = (
				CE53CEAA1824104B00AE961C /* Sources */,
				CE53CEAB1824104B00AE961C /* Frameworks */,
				CE53CEAC1824104B00AE961C /* Resources */,
			);
			buildRules = (
			);
			dependencies = (
				CE53CEB41824104B00AE961C /* PBXTargetDependency */,
			);
			name = KanobuTests;
			productName = KanobuTests;
			productReference = CE53CEAE1824104B00AE961C /* KanobuTests.xctest */;
			productType = "com.apple.product-type.bundle.unit-test";
		};
/* End PBXNativeTarget section */

/* Begin PBXProject section */
		CE53CE7F1824104B00AE961C /* Project object */ = {
			isa = PBXProject;
			attributes = {
				CLASSPREFIX = KN;
				LastUpgradeCheck = 0500;
				ORGANIZATIONNAME = "Denis Zamataev";
				TargetAttributes = {
					CE53CE861824104B00AE961C = {
						DevelopmentTeam = 68QJJA7HK9;
					};
					CE53CEAD1824104B00AE961C = {
						TestTargetID = CE53CE861824104B00AE961C;
					};
				};
			};
			buildConfigurationList = CE53CE821824104B00AE961C /* Build configuration list for PBXProject "Kanobu" */;
			compatibilityVersion = "Xcode 3.2";
			developmentRegion = English;
			hasScannedForEncodings = 0;
			knownRegions = (
				en,
				Base,
				"ru-RU",
			);
			mainGroup = CE53CE7E1824104B00AE961C;
			productRefGroup = CE53CE881824104B00AE961C /* Products */;
			projectDirPath = "";
			projectRoot = "";
			targets = (
				CE53CE861824104B00AE961C /* Kanobu */,
				CE53CEAD1824104B00AE961C /* KanobuTests */,
			);
		};
/* End PBXProject section */

/* Begin PBXResourcesBuildPhase section */
		CE53CE851824104B00AE961C /* Resources */ = {
			isa = PBXResourcesBuildPhase;
			buildActionMask = 2147483647;
			files = (
				CED88F1E182AC7150013CF78 /* Localizable.strings in Resources */,
				CE53CEA11824104B00AE961C /* Main_iPad.storyboard in Resources */,
				CE53CEA91824104B00AE961C /* Images.xcassets in Resources */,
				CE53CE9E1824104B00AE961C /* Main_iPhone.storyboard in Resources */,
				CE53CE951824104B00AE961C /* InfoPlist.strings in Resources */,
			);
			runOnlyForDeploymentPostprocessing = 0;
		};
		CE53CEAC1824104B00AE961C /* Resources */ = {
			isa = PBXResourcesBuildPhase;
			buildActionMask = 2147483647;
			files = (
				CE53CEBA1824104B00AE961C /* InfoPlist.strings in Resources */,
			);
			runOnlyForDeploymentPostprocessing = 0;
		};
/* End PBXResourcesBuildPhase section */

/* Begin PBXShellScriptBuildPhase section */
		3670FF9DA7244102864DB47A /* Copy Pods Resources */ = {
			isa = PBXShellScriptBuildPhase;
			buildActionMask = 2147483647;
			files = (
			);
			inputPaths = (
			);
			name = "Copy Pods Resources";
			outputPaths = (
			);
			runOnlyForDeploymentPostprocessing = 0;
			shellPath = /bin/sh;
			shellScript = "\"${SRCROOT}/Pods/Pods-resources.sh\"\n";
			showEnvVarsInLog = 0;
		};
		42B1C78DD74B4D7ABF8F2251 /* Check Pods Manifest.lock */ = {
			isa = PBXShellScriptBuildPhase;
			buildActionMask = 2147483647;
			files = (
			);
			inputPaths = (
			);
			name = "Check Pods Manifest.lock";
			outputPaths = (
			);
			runOnlyForDeploymentPostprocessing = 0;
			shellPath = /bin/sh;
			shellScript = "diff \"${PODS_ROOT}/../Podfile.lock\" \"${PODS_ROOT}/Manifest.lock\" > /dev/null\nif [[ $? != 0 ]] ; then\n    cat << EOM\nerror: The sandbox is not in sync with the Podfile.lock. Run 'pod install' or update your CocoaPods installation.\nEOM\n    exit 1\nfi\n";
			showEnvVarsInLog = 0;
		};
/* End PBXShellScriptBuildPhase section */

/* Begin PBXSourcesBuildPhase section */
		CE53CE831824104B00AE961C /* Sources */ = {
			isa = PBXSourcesBuildPhase;
			buildActionMask = 2147483647;
			files = (
				84DA336A18379A5100DC010F /* KNApiModel.m in Sources */,
				CE53CE971824104B00AE961C /* main.m in Sources */,
				CE53CEA41824104B00AE961C /* KNFirstViewController.m in Sources */,
				CE53CE9B1824104B00AE961C /* KNAppDelegate.m in Sources */,
				84DA33631837955600DC010F /* KNAccessToken.m in Sources */,
				CE53CEA71824104B00AE961C /* KNLoginViewController.m in Sources */,
				84DA33661837995B00DC010F /* KNApi.m in Sources */,
				84DA336D18379DFB00DC010F /* KNRKModel.m in Sources */,
				CED88F28182AD10C0013CF78 /* KNLoginModel.m in Sources */,
				84DA3357183792FA00DC010F /* Kanobu.xcdatamodeld in Sources */,
			);
			runOnlyForDeploymentPostprocessing = 0;
		};
		CE53CEAA1824104B00AE961C /* Sources */ = {
			isa = PBXSourcesBuildPhase;
			buildActionMask = 2147483647;
			files = (
				CE53CEBC1824104B00AE961C /* KanobuTests.m in Sources */,
			);
			runOnlyForDeploymentPostprocessing = 0;
		};
/* End PBXSourcesBuildPhase section */

/* Begin PBXTargetDependency section */
		CE53CEB41824104B00AE961C /* PBXTargetDependency */ = {
			isa = PBXTargetDependency;
			target = CE53CE861824104B00AE961C /* Kanobu */;
			targetProxy = CE53CEB31824104B00AE961C /* PBXContainerItemProxy */;
		};
/* End PBXTargetDependency section */

/* Begin PBXVariantGroup section */
		CE53CE931824104B00AE961C /* InfoPlist.strings */ = {
			isa = PBXVariantGroup;
			children = (
				CE53CE941824104B00AE961C /* en */,
				CED88F1C182AC70E0013CF78 /* ru-RU */,
			);
			name = InfoPlist.strings;
			sourceTree = "<group>";
		};
		CE53CE9C1824104B00AE961C /* Main_iPhone.storyboard */ = {
			isa = PBXVariantGroup;
			children = (
				CE53CE9D1824104B00AE961C /* Base */,
				CED88F1A182AC70E0013CF78 /* ru-RU */,
			);
			name = Main_iPhone.storyboard;
			sourceTree = "<group>";
		};
		CE53CE9F1824104B00AE961C /* Main_iPad.storyboard */ = {
			isa = PBXVariantGroup;
			children = (
				CE53CEA01824104B00AE961C /* Base */,
				CED88F1B182AC70E0013CF78 /* ru-RU */,
			);
			name = Main_iPad.storyboard;
			sourceTree = "<group>";
		};
		CE53CEB81824104B00AE961C /* InfoPlist.strings */ = {
			isa = PBXVariantGroup;
			children = (
				CE53CEB91824104B00AE961C /* en */,
				CED88F1D182AC70E0013CF78 /* ru-RU */,
			);
			name = InfoPlist.strings;
			sourceTree = "<group>";
		};
		CED88F20182AC7150013CF78 /* Localizable.strings */ = {
			isa = PBXVariantGroup;
			children = (
				CED88F1F182AC7150013CF78 /* Base */,
				CED88F21182AC7190013CF78 /* ru-RU */,
			);
			name = Localizable.strings;
			sourceTree = "<group>";
		};
/* End PBXVariantGroup section */

/* Begin XCBuildConfiguration section */
		CE53CEBD1824104B00AE961C /* Debug */ = {
			isa = XCBuildConfiguration;
			buildSettings = {
				ALWAYS_SEARCH_USER_PATHS = NO;
				ARCHS = "$(ARCHS_STANDARD_INCLUDING_64_BIT)";
				CLANG_CXX_LANGUAGE_STANDARD = "gnu++0x";
				CLANG_CXX_LIBRARY = "libc++";
				CLANG_ENABLE_MODULES = YES;
				CLANG_ENABLE_OBJC_ARC = YES;
				CLANG_WARN_BOOL_CONVERSION = YES;
				CLANG_WARN_CONSTANT_CONVERSION = YES;
				CLANG_WARN_DIRECT_OBJC_ISA_USAGE = YES_ERROR;
				CLANG_WARN_EMPTY_BODY = YES;
				CLANG_WARN_ENUM_CONVERSION = YES;
				CLANG_WARN_INT_CONVERSION = YES;
				CLANG_WARN_OBJC_ROOT_CLASS = YES_ERROR;
				CLANG_WARN__DUPLICATE_METHOD_MATCH = YES;
				"CODE_SIGN_IDENTITY[sdk=iphoneos*]" = "iPhone Developer";
				COPY_PHASE_STRIP = NO;
				GCC_C_LANGUAGE_STANDARD = gnu99;
				GCC_DYNAMIC_NO_PIC = NO;
				GCC_OPTIMIZATION_LEVEL = 0;
				GCC_PREPROCESSOR_DEFINITIONS = (
					"DEBUG=1",
					"$(inherited)",
				);
				GCC_SYMBOLS_PRIVATE_EXTERN = NO;
				GCC_WARN_64_TO_32_BIT_CONVERSION = YES;
				GCC_WARN_ABOUT_RETURN_TYPE = YES_ERROR;
				GCC_WARN_UNDECLARED_SELECTOR = YES;
				GCC_WARN_UNINITIALIZED_AUTOS = YES;
				GCC_WARN_UNUSED_FUNCTION = YES;
				GCC_WARN_UNUSED_VARIABLE = YES;
				IPHONEOS_DEPLOYMENT_TARGET = 7.0;
				ONLY_ACTIVE_ARCH = YES;
				SDKROOT = iphoneos;
				TARGETED_DEVICE_FAMILY = "1,2";
			};
			name = Debug;
		};
		CE53CEBE1824104B00AE961C /* Release */ = {
			isa = XCBuildConfiguration;
			buildSettings = {
				ALWAYS_SEARCH_USER_PATHS = NO;
				ARCHS = "$(ARCHS_STANDARD_INCLUDING_64_BIT)";
				CLANG_CXX_LANGUAGE_STANDARD = "gnu++0x";
				CLANG_CXX_LIBRARY = "libc++";
				CLANG_ENABLE_MODULES = YES;
				CLANG_ENABLE_OBJC_ARC = YES;
				CLANG_WARN_BOOL_CONVERSION = YES;
				CLANG_WARN_CONSTANT_CONVERSION = YES;
				CLANG_WARN_DIRECT_OBJC_ISA_USAGE = YES_ERROR;
				CLANG_WARN_EMPTY_BODY = YES;
				CLANG_WARN_ENUM_CONVERSION = YES;
				CLANG_WARN_INT_CONVERSION = YES;
				CLANG_WARN_OBJC_ROOT_CLASS = YES_ERROR;
				CLANG_WARN__DUPLICATE_METHOD_MATCH = YES;
				"CODE_SIGN_IDENTITY[sdk=iphoneos*]" = "iPhone Developer";
				COPY_PHASE_STRIP = YES;
				ENABLE_NS_ASSERTIONS = NO;
				GCC_C_LANGUAGE_STANDARD = gnu99;
				GCC_WARN_64_TO_32_BIT_CONVERSION = YES;
				GCC_WARN_ABOUT_RETURN_TYPE = YES_ERROR;
				GCC_WARN_UNDECLARED_SELECTOR = YES;
				GCC_WARN_UNINITIALIZED_AUTOS = YES;
				GCC_WARN_UNUSED_FUNCTION = YES;
				GCC_WARN_UNUSED_VARIABLE = YES;
				IPHONEOS_DEPLOYMENT_TARGET = 7.0;
				SDKROOT = iphoneos;
				TARGETED_DEVICE_FAMILY = "1,2";
				VALIDATE_PRODUCT = YES;
			};
			name = Release;
		};
		CE53CEC01824104B00AE961C /* Debug */ = {
			isa = XCBuildConfiguration;
			baseConfigurationReference = 32CAE7FF198B4CC5AC1BD742 /* Pods.xcconfig */;
			buildSettings = {
				ASSETCATALOG_COMPILER_APPICON_NAME = AppIcon;
				ASSETCATALOG_COMPILER_LAUNCHIMAGE_NAME = LaunchImage;
				CODE_SIGN_IDENTITY = "iPhone Developer";
				"CODE_SIGN_IDENTITY[sdk=iphoneos*]" = "iPhone Developer";
				GCC_PRECOMPILE_PREFIX_HEADER = YES;
				GCC_PREFIX_HEADER = "Kanobu/Kanobu-Prefix.pch";
				INFOPLIST_FILE = "Kanobu/Kanobu-Info.plist";
				PRODUCT_NAME = "$(TARGET_NAME)";
				PROVISIONING_PROFILE = "";
				WRAPPER_EXTENSION = app;
			};
			name = Debug;
		};
		CE53CEC11824104B00AE961C /* Release */ = {
			isa = XCBuildConfiguration;
			baseConfigurationReference = 32CAE7FF198B4CC5AC1BD742 /* Pods.xcconfig */;
			buildSettings = {
				ASSETCATALOG_COMPILER_APPICON_NAME = AppIcon;
				ASSETCATALOG_COMPILER_LAUNCHIMAGE_NAME = LaunchImage;
				CODE_SIGN_IDENTITY = "iPhone Developer";
				"CODE_SIGN_IDENTITY[sdk=iphoneos*]" = "iPhone Developer";
				GCC_PRECOMPILE_PREFIX_HEADER = YES;
				GCC_PREFIX_HEADER = "Kanobu/Kanobu-Prefix.pch";
				INFOPLIST_FILE = "Kanobu/Kanobu-Info.plist";
				PRODUCT_NAME = "$(TARGET_NAME)";
				PROVISIONING_PROFILE = "";
				WRAPPER_EXTENSION = app;
			};
			name = Release;
		};
		CE53CEC31824104B00AE961C /* Debug */ = {
			isa = XCBuildConfiguration;
			buildSettings = {
				ARCHS = "$(ARCHS_STANDARD_INCLUDING_64_BIT)";
				BUNDLE_LOADER = "$(BUILT_PRODUCTS_DIR)/Kanobu.app/Kanobu";
				FRAMEWORK_SEARCH_PATHS = (
					"$(SDKROOT)/Developer/Library/Frameworks",
					"$(inherited)",
					"$(DEVELOPER_FRAMEWORKS_DIR)",
				);
				GCC_PRECOMPILE_PREFIX_HEADER = YES;
				GCC_PREFIX_HEADER = "Kanobu/Kanobu-Prefix.pch";
				GCC_PREPROCESSOR_DEFINITIONS = (
					"DEBUG=1",
					"$(inherited)",
				);
				INFOPLIST_FILE = "KanobuTests/KanobuTests-Info.plist";
				PRODUCT_NAME = "$(TARGET_NAME)";
				TEST_HOST = "$(BUNDLE_LOADER)";
				WRAPPER_EXTENSION = xctest;
			};
			name = Debug;
		};
		CE53CEC41824104B00AE961C /* Release */ = {
			isa = XCBuildConfiguration;
			buildSettings = {
				ARCHS = "$(ARCHS_STANDARD_INCLUDING_64_BIT)";
				BUNDLE_LOADER = "$(BUILT_PRODUCTS_DIR)/Kanobu.app/Kanobu";
				FRAMEWORK_SEARCH_PATHS = (
					"$(SDKROOT)/Developer/Library/Frameworks",
					"$(inherited)",
					"$(DEVELOPER_FRAMEWORKS_DIR)",
				);
				GCC_PRECOMPILE_PREFIX_HEADER = YES;
				GCC_PREFIX_HEADER = "Kanobu/Kanobu-Prefix.pch";
				INFOPLIST_FILE = "KanobuTests/KanobuTests-Info.plist";
				PRODUCT_NAME = "$(TARGET_NAME)";
				TEST_HOST = "$(BUNDLE_LOADER)";
				WRAPPER_EXTENSION = xctest;
			};
			name = Release;
		};
/* End XCBuildConfiguration section */

/* Begin XCConfigurationList section */
		CE53CE821824104B00AE961C /* Build configuration list for PBXProject "Kanobu" */ = {
			isa = XCConfigurationList;
			buildConfigurations = (
				CE53CEBD1824104B00AE961C /* Debug */,
				CE53CEBE1824104B00AE961C /* Release */,
			);
			defaultConfigurationIsVisible = 0;
			defaultConfigurationName = Release;
		};
		CE53CEBF1824104B00AE961C /* Build configuration list for PBXNativeTarget "Kanobu" */ = {
			isa = XCConfigurationList;
			buildConfigurations = (
				CE53CEC01824104B00AE961C /* Debug */,
				CE53CEC11824104B00AE961C /* Release */,
			);
			defaultConfigurationIsVisible = 0;
			defaultConfigurationName = Release;
		};
		CE53CEC21824104B00AE961C /* Build configuration list for PBXNativeTarget "KanobuTests" */ = {
			isa = XCConfigurationList;
			buildConfigurations = (
				CE53CEC31824104B00AE961C /* Debug */,
				CE53CEC41824104B00AE961C /* Release */,
			);
			defaultConfigurationIsVisible = 0;
			defaultConfigurationName = Release;
		};
/* End XCConfigurationList section */

/* Begin XCVersionGroup section */
		84DA3355183792FA00DC010F /* Kanobu.xcdatamodeld */ = {
			isa = XCVersionGroup;
			children = (
				84DA3356183792FA00DC010F /* Kanobu.xcdatamodel */,
			);
			currentVersion = 84DA3356183792FA00DC010F /* Kanobu.xcdatamodel */;
			path = Kanobu.xcdatamodeld;
			sourceTree = "<group>";
			versionGroupType = wrapper.xcdatamodel;
		};
/* End XCVersionGroup section */
	};
	rootObject = CE53CE7F1824104B00AE961C /* Project object */;
}
