<?xml version="1.0" encoding="UTF-8"?>
<!DOCTYPE plist PUBLIC "-//Apple//DTD PLIST 1.0//EN" "http://www.apple.com/DTDs/PropertyList-1.0.dtd">
<plist version="1.0">
<dict>
	<key>archiveVersion</key>
	<string>1</string>
	<key>classes</key>
	<dict/>
	<key>objectVersion</key>
	<string>46</string>
	<key>objects</key>
	<dict>
		<key>08F292E880DA4455BDCB3D05</key>
		<dict>
			<key>fileRef</key>
			<string>2E2671156FD7480CB2F5F195</string>
			<key>isa</key>
			<string>PBXBuildFile</string>
		</dict>
		<key>2E2671156FD7480CB2F5F195</key>
		<dict>
			<key>explicitFileType</key>
			<string>archive.ar</string>
			<key>includeInIndex</key>
			<string>0</string>
			<key>isa</key>
			<string>PBXFileReference</string>
			<key>path</key>
			<string>libPods.a</string>
			<key>sourceTree</key>
			<string>BUILT_PRODUCTS_DIR</string>
		</dict>
		<key>32CAE7FF198B4CC5AC1BD742</key>
		<dict>
			<key>includeInIndex</key>
			<string>1</string>
			<key>isa</key>
			<string>PBXFileReference</string>
			<key>lastKnownFileType</key>
			<string>text.xcconfig</string>
			<key>name</key>
			<string>Pods.xcconfig</string>
			<key>path</key>
			<string>Pods/Pods.xcconfig</string>
			<key>sourceTree</key>
			<string>&lt;group&gt;</string>
		</dict>
		<key>3670FF9DA7244102864DB47A</key>
		<dict>
			<key>buildActionMask</key>
			<string>2147483647</string>
			<key>files</key>
			<array/>
			<key>inputPaths</key>
			<array/>
			<key>isa</key>
			<string>PBXShellScriptBuildPhase</string>
			<key>name</key>
			<string>Copy Pods Resources</string>
			<key>outputPaths</key>
			<array/>
			<key>runOnlyForDeploymentPostprocessing</key>
			<string>0</string>
			<key>shellPath</key>
			<string>/bin/sh</string>
			<key>shellScript</key>
			<string>"${SRCROOT}/Pods/Pods-resources.sh"
</string>
			<key>showEnvVarsInLog</key>
			<string>0</string>
		</dict>
		<key>42B1C78DD74B4D7ABF8F2251</key>
		<dict>
			<key>buildActionMask</key>
			<string>2147483647</string>
			<key>files</key>
			<array/>
			<key>inputPaths</key>
			<array/>
			<key>isa</key>
			<string>PBXShellScriptBuildPhase</string>
			<key>name</key>
			<string>Check Pods Manifest.lock</string>
			<key>outputPaths</key>
			<array/>
			<key>runOnlyForDeploymentPostprocessing</key>
			<string>0</string>
			<key>shellPath</key>
			<string>/bin/sh</string>
			<key>shellScript</key>
			<string>diff "${PODS_ROOT}/../Podfile.lock" "${PODS_ROOT}/Manifest.lock" &gt; /dev/null
if [[ $? != 0 ]] ; then
    cat &lt;&lt; EOM
error: The sandbox is not in sync with the Podfile.lock. Run 'pod install' or update your CocoaPods installation.
EOM
    exit 1
fi
</string>
			<key>showEnvVarsInLog</key>
			<string>0</string>
		</dict>
		<key>CE53CE7E1824104B00AE961C</key>
		<dict>
			<key>children</key>
			<array>
				<string>CE53CE901824104B00AE961C</string>
				<string>CE53CEB51824104B00AE961C</string>
				<string>CE53CE891824104B00AE961C</string>
				<string>CE53CE881824104B00AE961C</string>
				<string>32CAE7FF198B4CC5AC1BD742</string>
			</array>
			<key>isa</key>
			<string>PBXGroup</string>
			<key>sourceTree</key>
			<string>&lt;group&gt;</string>
		</dict>
		<key>CE53CE7F1824104B00AE961C</key>
		<dict>
			<key>attributes</key>
			<dict>
				<key>CLASSPREFIX</key>
				<string>KN</string>
				<key>LastUpgradeCheck</key>
				<string>0500</string>
				<key>ORGANIZATIONNAME</key>
				<string>Denis Zamataev</string>
				<key>TargetAttributes</key>
				<dict>
					<key>CE53CE861824104B00AE961C</key>
					<dict>
						<key>DevelopmentTeam</key>
						<string>68QJJA7HK9</string>
					</dict>
					<key>CE53CEAD1824104B00AE961C</key>
					<dict>
						<key>TestTargetID</key>
						<string>CE53CE861824104B00AE961C</string>
					</dict>
				</dict>
			</dict>
			<key>buildConfigurationList</key>
			<string>CE53CE821824104B00AE961C</string>
			<key>compatibilityVersion</key>
			<string>Xcode 3.2</string>
			<key>developmentRegion</key>
			<string>English</string>
			<key>hasScannedForEncodings</key>
			<string>0</string>
			<key>isa</key>
			<string>PBXProject</string>
			<key>knownRegions</key>
			<array>
				<string>en</string>
				<string>Base</string>
			</array>
			<key>mainGroup</key>
			<string>CE53CE7E1824104B00AE961C</string>
			<key>productRefGroup</key>
			<string>CE53CE881824104B00AE961C</string>
			<key>projectDirPath</key>
			<string></string>
			<key>projectReferences</key>
			<array/>
			<key>projectRoot</key>
			<string></string>
			<key>targets</key>
			<array>
				<string>CE53CE861824104B00AE961C</string>
				<string>CE53CEAD1824104B00AE961C</string>
			</array>
		</dict>
		<key>CE53CE821824104B00AE961C</key>
		<dict>
			<key>buildConfigurations</key>
			<array>
				<string>CE53CEBD1824104B00AE961C</string>
				<string>CE53CEBE1824104B00AE961C</string>
			</array>
			<key>defaultConfigurationIsVisible</key>
			<string>0</string>
			<key>defaultConfigurationName</key>
			<string>Release</string>
			<key>isa</key>
			<string>XCConfigurationList</string>
		</dict>
		<key>CE53CE831824104B00AE961C</key>
		<dict>
			<key>buildActionMask</key>
			<string>2147483647</string>
			<key>files</key>
			<array>
				<string>CE53CE971824104B00AE961C</string>
				<string>CE53CEA41824104B00AE961C</string>
				<string>CE53CE9B1824104B00AE961C</string>
				<string>CE53CEA71824104B00AE961C</string>
			</array>
			<key>isa</key>
			<string>PBXSourcesBuildPhase</string>
			<key>runOnlyForDeploymentPostprocessing</key>
			<string>0</string>
		</dict>
		<key>CE53CE841824104B00AE961C</key>
		<dict>
			<key>buildActionMask</key>
			<string>2147483647</string>
			<key>files</key>
			<array>
				<string>CE53CE8D1824104B00AE961C</string>
				<string>CE53CE8F1824104B00AE961C</string>
				<string>CE53CE8B1824104B00AE961C</string>
				<string>08F292E880DA4455BDCB3D05</string>
			</array>
			<key>isa</key>
			<string>PBXFrameworksBuildPhase</string>
			<key>runOnlyForDeploymentPostprocessing</key>
			<string>0</string>
		</dict>
		<key>CE53CE851824104B00AE961C</key>
		<dict>
			<key>buildActionMask</key>
			<string>2147483647</string>
			<key>files</key>
			<array>
				<string>CE53CEA11824104B00AE961C</string>
				<string>CE53CEA91824104B00AE961C</string>
				<string>CE53CE9E1824104B00AE961C</string>
				<string>CE53CE951824104B00AE961C</string>
			</array>
			<key>isa</key>
			<string>PBXResourcesBuildPhase</string>
			<key>runOnlyForDeploymentPostprocessing</key>
			<string>0</string>
		</dict>
		<key>CE53CE861824104B00AE961C</key>
		<dict>
			<key>buildConfigurationList</key>
			<string>CE53CEBF1824104B00AE961C</string>
			<key>buildPhases</key>
			<array>
				<string>42B1C78DD74B4D7ABF8F2251</string>
				<string>CE53CE831824104B00AE961C</string>
				<string>CE53CE841824104B00AE961C</string>
				<string>CE53CE851824104B00AE961C</string>
				<string>3670FF9DA7244102864DB47A</string>
			</array>
			<key>buildRules</key>
			<array/>
			<key>dependencies</key>
			<array/>
			<key>isa</key>
			<string>PBXNativeTarget</string>
			<key>name</key>
			<string>Kanobu</string>
			<key>productName</key>
			<string>Kanobu</string>
			<key>productReference</key>
			<string>CE53CE871824104B00AE961C</string>
			<key>productType</key>
			<string>com.apple.product-type.application</string>
		</dict>
		<key>CE53CE871824104B00AE961C</key>
		<dict>
			<key>explicitFileType</key>
			<string>wrapper.application</string>
			<key>includeInIndex</key>
			<string>0</string>
			<key>isa</key>
			<string>PBXFileReference</string>
			<key>path</key>
			<string>Kanobu.app</string>
			<key>sourceTree</key>
			<string>BUILT_PRODUCTS_DIR</string>
		</dict>
		<key>CE53CE881824104B00AE961C</key>
		<dict>
			<key>children</key>
			<array>
				<string>CE53CE871824104B00AE961C</string>
				<string>CE53CEAE1824104B00AE961C</string>
			</array>
			<key>isa</key>
			<string>PBXGroup</string>
			<key>name</key>
			<string>Products</string>
			<key>sourceTree</key>
			<string>&lt;group&gt;</string>
		</dict>
		<key>CE53CE891824104B00AE961C</key>
		<dict>
			<key>children</key>
			<array>
				<string>CE53CE8A1824104B00AE961C</string>
				<string>CE53CE8C1824104B00AE961C</string>
				<string>CE53CE8E1824104B00AE961C</string>
				<string>CE53CEAF1824104B00AE961C</string>
				<string>2E2671156FD7480CB2F5F195</string>
			</array>
			<key>isa</key>
			<string>PBXGroup</string>
			<key>name</key>
			<string>Frameworks</string>
			<key>sourceTree</key>
			<string>&lt;group&gt;</string>
		</dict>
		<key>CE53CE8A1824104B00AE961C</key>
		<dict>
			<key>isa</key>
			<string>PBXFileReference</string>
			<key>lastKnownFileType</key>
			<string>wrapper.framework</string>
			<key>name</key>
			<string>Foundation.framework</string>
			<key>path</key>
			<string>System/Library/Frameworks/Foundation.framework</string>
			<key>sourceTree</key>
			<string>SDKROOT</string>
		</dict>
		<key>CE53CE8B1824104B00AE961C</key>
		<dict>
			<key>fileRef</key>
			<string>CE53CE8A1824104B00AE961C</string>
			<key>isa</key>
			<string>PBXBuildFile</string>
		</dict>
		<key>CE53CE8C1824104B00AE961C</key>
		<dict>
			<key>isa</key>
			<string>PBXFileReference</string>
			<key>lastKnownFileType</key>
			<string>wrapper.framework</string>
			<key>name</key>
			<string>CoreGraphics.framework</string>
			<key>path</key>
			<string>System/Library/Frameworks/CoreGraphics.framework</string>
			<key>sourceTree</key>
			<string>SDKROOT</string>
		</dict>
		<key>CE53CE8D1824104B00AE961C</key>
		<dict>
			<key>fileRef</key>
			<string>CE53CE8C1824104B00AE961C</string>
			<key>isa</key>
			<string>PBXBuildFile</string>
		</dict>
		<key>CE53CE8E1824104B00AE961C</key>
		<dict>
			<key>isa</key>
			<string>PBXFileReference</string>
			<key>lastKnownFileType</key>
			<string>wrapper.framework</string>
			<key>name</key>
			<string>UIKit.framework</string>
			<key>path</key>
			<string>System/Library/Frameworks/UIKit.framework</string>
			<key>sourceTree</key>
			<string>SDKROOT</string>
		</dict>
		<key>CE53CE8F1824104B00AE961C</key>
		<dict>
			<key>fileRef</key>
			<string>CE53CE8E1824104B00AE961C</string>
			<key>isa</key>
			<string>PBXBuildFile</string>
		</dict>
		<key>CE53CE901824104B00AE961C</key>
		<dict>
			<key>children</key>
			<array>
				<string>CE53CE991824104B00AE961C</string>
				<string>CE53CE9A1824104B00AE961C</string>
				<string>CE53CE9C1824104B00AE961C</string>
				<string>CE53CE9F1824104B00AE961C</string>
				<string>CE53CEA21824104B00AE961C</string>
				<string>CE53CEA31824104B00AE961C</string>
				<string>CE53CEA51824104B00AE961C</string>
				<string>CE53CEA61824104B00AE961C</string>
				<string>CE53CEA81824104B00AE961C</string>
				<string>CE53CE911824104B00AE961C</string>
			</array>
			<key>isa</key>
			<string>PBXGroup</string>
			<key>path</key>
			<string>Kanobu</string>
			<key>sourceTree</key>
			<string>&lt;group&gt;</string>
		</dict>
		<key>CE53CE911824104B00AE961C</key>
		<dict>
			<key>children</key>
			<array>
				<string>CE53CE921824104B00AE961C</string>
				<string>CE53CE931824104B00AE961C</string>
				<string>CE53CE961824104B00AE961C</string>
				<string>CE53CE981824104B00AE961C</string>
			</array>
			<key>isa</key>
			<string>PBXGroup</string>
			<key>name</key>
			<string>Supporting Files</string>
			<key>sourceTree</key>
			<string>&lt;group&gt;</string>
		</dict>
		<key>CE53CE921824104B00AE961C</key>
		<dict>
			<key>isa</key>
			<string>PBXFileReference</string>
			<key>lastKnownFileType</key>
			<string>text.plist.xml</string>
			<key>path</key>
			<string>Kanobu-Info.plist</string>
			<key>sourceTree</key>
			<string>&lt;group&gt;</string>
		</dict>
		<key>CE53CE931824104B00AE961C</key>
		<dict>
			<key>children</key>
			<array>
				<string>CE53CE941824104B00AE961C</string>
			</array>
			<key>isa</key>
			<string>PBXVariantGroup</string>
			<key>name</key>
			<string>InfoPlist.strings</string>
			<key>sourceTree</key>
			<string>&lt;group&gt;</string>
		</dict>
		<key>CE53CE941824104B00AE961C</key>
		<dict>
			<key>isa</key>
			<string>PBXFileReference</string>
			<key>lastKnownFileType</key>
			<string>text.plist.strings</string>
			<key>name</key>
			<string>en</string>
			<key>path</key>
			<string>en.lproj/InfoPlist.strings</string>
			<key>sourceTree</key>
			<string>&lt;group&gt;</string>
		</dict>
		<key>CE53CE951824104B00AE961C</key>
		<dict>
			<key>fileRef</key>
			<string>CE53CE931824104B00AE961C</string>
			<key>isa</key>
			<string>PBXBuildFile</string>
		</dict>
		<key>CE53CE961824104B00AE961C</key>
		<dict>
			<key>isa</key>
			<string>PBXFileReference</string>
			<key>lastKnownFileType</key>
			<string>sourcecode.c.objc</string>
			<key>path</key>
			<string>main.m</string>
			<key>sourceTree</key>
			<string>&lt;group&gt;</string>
		</dict>
		<key>CE53CE971824104B00AE961C</key>
		<dict>
			<key>fileRef</key>
			<string>CE53CE961824104B00AE961C</string>
			<key>isa</key>
			<string>PBXBuildFile</string>
		</dict>
		<key>CE53CE981824104B00AE961C</key>
		<dict>
			<key>isa</key>
			<string>PBXFileReference</string>
			<key>lastKnownFileType</key>
			<string>sourcecode.c.h</string>
			<key>path</key>
			<string>Kanobu-Prefix.pch</string>
			<key>sourceTree</key>
			<string>&lt;group&gt;</string>
		</dict>
		<key>CE53CE991824104B00AE961C</key>
		<dict>
			<key>isa</key>
			<string>PBXFileReference</string>
			<key>lastKnownFileType</key>
			<string>sourcecode.c.h</string>
			<key>path</key>
			<string>KNAppDelegate.h</string>
			<key>sourceTree</key>
			<string>&lt;group&gt;</string>
		</dict>
		<key>CE53CE9A1824104B00AE961C</key>
		<dict>
			<key>isa</key>
			<string>PBXFileReference</string>
			<key>lastKnownFileType</key>
			<string>sourcecode.c.objc</string>
			<key>path</key>
			<string>KNAppDelegate.m</string>
			<key>sourceTree</key>
			<string>&lt;group&gt;</string>
		</dict>
		<key>CE53CE9B1824104B00AE961C</key>
		<dict>
			<key>fileRef</key>
			<string>CE53CE9A1824104B00AE961C</string>
			<key>isa</key>
			<string>PBXBuildFile</string>
		</dict>
		<key>CE53CE9C1824104B00AE961C</key>
		<dict>
			<key>children</key>
			<array>
				<string>CE53CE9D1824104B00AE961C</string>
			</array>
			<key>isa</key>
			<string>PBXVariantGroup</string>
			<key>name</key>
			<string>Main_iPhone.storyboard</string>
			<key>sourceTree</key>
			<string>&lt;group&gt;</string>
		</dict>
		<key>CE53CE9D1824104B00AE961C</key>
		<dict>
			<key>isa</key>
			<string>PBXFileReference</string>
			<key>lastKnownFileType</key>
			<string>file.storyboard</string>
			<key>name</key>
			<string>Base</string>
			<key>path</key>
			<string>Base.lproj/Main_iPhone.storyboard</string>
			<key>sourceTree</key>
			<string>&lt;group&gt;</string>
		</dict>
		<key>CE53CE9E1824104B00AE961C</key>
		<dict>
			<key>fileRef</key>
			<string>CE53CE9C1824104B00AE961C</string>
			<key>isa</key>
			<string>PBXBuildFile</string>
		</dict>
		<key>CE53CE9F1824104B00AE961C</key>
		<dict>
			<key>children</key>
			<array>
				<string>CE53CEA01824104B00AE961C</string>
			</array>
			<key>isa</key>
			<string>PBXVariantGroup</string>
			<key>name</key>
			<string>Main_iPad.storyboard</string>
			<key>sourceTree</key>
			<string>&lt;group&gt;</string>
		</dict>
		<key>CE53CEA01824104B00AE961C</key>
		<dict>
			<key>isa</key>
			<string>PBXFileReference</string>
			<key>lastKnownFileType</key>
			<string>file.storyboard</string>
			<key>name</key>
			<string>Base</string>
			<key>path</key>
			<string>Base.lproj/Main_iPad.storyboard</string>
			<key>sourceTree</key>
			<string>&lt;group&gt;</string>
		</dict>
		<key>CE53CEA11824104B00AE961C</key>
		<dict>
			<key>fileRef</key>
			<string>CE53CE9F1824104B00AE961C</string>
			<key>isa</key>
			<string>PBXBuildFile</string>
		</dict>
		<key>CE53CEA21824104B00AE961C</key>
		<dict>
			<key>isa</key>
			<string>PBXFileReference</string>
			<key>lastKnownFileType</key>
			<string>sourcecode.c.h</string>
			<key>path</key>
			<string>KNFirstViewController.h</string>
			<key>sourceTree</key>
			<string>&lt;group&gt;</string>
		</dict>
		<key>CE53CEA31824104B00AE961C</key>
		<dict>
			<key>isa</key>
			<string>PBXFileReference</string>
			<key>lastKnownFileType</key>
			<string>sourcecode.c.objc</string>
			<key>path</key>
			<string>KNFirstViewController.m</string>
			<key>sourceTree</key>
			<string>&lt;group&gt;</string>
		</dict>
		<key>CE53CEA41824104B00AE961C</key>
		<dict>
			<key>fileRef</key>
			<string>CE53CEA31824104B00AE961C</string>
			<key>isa</key>
			<string>PBXBuildFile</string>
		</dict>
		<key>CE53CEA51824104B00AE961C</key>
		<dict>
			<key>isa</key>
			<string>PBXFileReference</string>
			<key>lastKnownFileType</key>
			<string>sourcecode.c.h</string>
			<key>path</key>
			<string>KNSecondViewController.h</string>
			<key>sourceTree</key>
			<string>&lt;group&gt;</string>
		</dict>
		<key>CE53CEA61824104B00AE961C</key>
		<dict>
			<key>isa</key>
			<string>PBXFileReference</string>
			<key>lastKnownFileType</key>
			<string>sourcecode.c.objc</string>
			<key>path</key>
			<string>KNSecondViewController.m</string>
			<key>sourceTree</key>
			<string>&lt;group&gt;</string>
		</dict>
		<key>CE53CEA71824104B00AE961C</key>
		<dict>
			<key>fileRef</key>
			<string>CE53CEA61824104B00AE961C</string>
			<key>isa</key>
			<string>PBXBuildFile</string>
		</dict>
		<key>CE53CEA81824104B00AE961C</key>
		<dict>
			<key>isa</key>
			<string>PBXFileReference</string>
			<key>lastKnownFileType</key>
			<string>folder.assetcatalog</string>
			<key>path</key>
			<string>Images.xcassets</string>
			<key>sourceTree</key>
			<string>&lt;group&gt;</string>
		</dict>
		<key>CE53CEA91824104B00AE961C</key>
		<dict>
			<key>fileRef</key>
			<string>CE53CEA81824104B00AE961C</string>
			<key>isa</key>
			<string>PBXBuildFile</string>
		</dict>
		<key>CE53CEAA1824104B00AE961C</key>
		<dict>
			<key>buildActionMask</key>
			<string>2147483647</string>
			<key>files</key>
			<array>
				<string>CE53CEBC1824104B00AE961C</string>
			</array>
			<key>isa</key>
			<string>PBXSourcesBuildPhase</string>
			<key>runOnlyForDeploymentPostprocessing</key>
			<string>0</string>
		</dict>
		<key>CE53CEAB1824104B00AE961C</key>
		<dict>
			<key>buildActionMask</key>
			<string>2147483647</string>
			<key>files</key>
			<array>
				<string>CE53CEB01824104B00AE961C</string>
				<string>CE53CEB21824104B00AE961C</string>
				<string>CE53CEB11824104B00AE961C</string>
			</array>
			<key>isa</key>
			<string>PBXFrameworksBuildPhase</string>
			<key>runOnlyForDeploymentPostprocessing</key>
			<string>0</string>
		</dict>
		<key>CE53CEAC1824104B00AE961C</key>
		<dict>
			<key>buildActionMask</key>
			<string>2147483647</string>
			<key>files</key>
			<array>
				<string>CE53CEBA1824104B00AE961C</string>
			</array>
			<key>isa</key>
			<string>PBXResourcesBuildPhase</string>
			<key>runOnlyForDeploymentPostprocessing</key>
			<string>0</string>
		</dict>
		<key>CE53CEAD1824104B00AE961C</key>
		<dict>
			<key>buildConfigurationList</key>
			<string>CE53CEC21824104B00AE961C</string>
			<key>buildPhases</key>
			<array>
				<string>CE53CEAA1824104B00AE961C</string>
				<string>CE53CEAB1824104B00AE961C</string>
				<string>CE53CEAC1824104B00AE961C</string>
			</array>
			<key>buildRules</key>
			<array/>
			<key>dependencies</key>
			<array>
				<string>CE53CEB41824104B00AE961C</string>
			</array>
			<key>isa</key>
			<string>PBXNativeTarget</string>
			<key>name</key>
			<string>KanobuTests</string>
			<key>productName</key>
			<string>KanobuTests</string>
			<key>productReference</key>
			<string>CE53CEAE1824104B00AE961C</string>
			<key>productType</key>
			<string>com.apple.product-type.bundle.unit-test</string>
		</dict>
		<key>CE53CEAE1824104B00AE961C</key>
		<dict>
			<key>explicitFileType</key>
			<string>wrapper.cfbundle</string>
			<key>includeInIndex</key>
			<string>0</string>
			<key>isa</key>
			<string>PBXFileReference</string>
			<key>path</key>
			<string>KanobuTests.xctest</string>
			<key>sourceTree</key>
			<string>BUILT_PRODUCTS_DIR</string>
		</dict>
		<key>CE53CEAF1824104B00AE961C</key>
		<dict>
			<key>isa</key>
			<string>PBXFileReference</string>
			<key>lastKnownFileType</key>
			<string>wrapper.framework</string>
			<key>name</key>
			<string>XCTest.framework</string>
			<key>path</key>
			<string>Library/Frameworks/XCTest.framework</string>
			<key>sourceTree</key>
			<string>DEVELOPER_DIR</string>
		</dict>
		<key>CE53CEB01824104B00AE961C</key>
		<dict>
			<key>fileRef</key>
			<string>CE53CEAF1824104B00AE961C</string>
			<key>isa</key>
			<string>PBXBuildFile</string>
		</dict>
		<key>CE53CEB11824104B00AE961C</key>
		<dict>
			<key>fileRef</key>
			<string>CE53CE8A1824104B00AE961C</string>
			<key>isa</key>
			<string>PBXBuildFile</string>
		</dict>
		<key>CE53CEB21824104B00AE961C</key>
		<dict>
			<key>fileRef</key>
			<string>CE53CE8E1824104B00AE961C</string>
			<key>isa</key>
			<string>PBXBuildFile</string>
		</dict>
		<key>CE53CEB31824104B00AE961C</key>
		<dict>
			<key>containerPortal</key>
			<string>CE53CE7F1824104B00AE961C</string>
			<key>isa</key>
			<string>PBXContainerItemProxy</string>
			<key>proxyType</key>
			<string>1</string>
			<key>remoteGlobalIDString</key>
			<string>CE53CE861824104B00AE961C</string>
			<key>remoteInfo</key>
			<string>Kanobu</string>
		</dict>
		<key>CE53CEB41824104B00AE961C</key>
		<dict>
			<key>isa</key>
			<string>PBXTargetDependency</string>
			<key>target</key>
			<string>CE53CE861824104B00AE961C</string>
			<key>targetProxy</key>
			<string>CE53CEB31824104B00AE961C</string>
		</dict>
		<key>CE53CEB51824104B00AE961C</key>
		<dict>
			<key>children</key>
			<array>
				<string>CE53CEBB1824104B00AE961C</string>
				<string>CE53CEB61824104B00AE961C</string>
			</array>
			<key>isa</key>
			<string>PBXGroup</string>
			<key>path</key>
			<string>KanobuTests</string>
			<key>sourceTree</key>
			<string>&lt;group&gt;</string>
		</dict>
		<key>CE53CEB61824104B00AE961C</key>
		<dict>
			<key>children</key>
			<array>
				<string>CE53CEB71824104B00AE961C</string>
				<string>CE53CEB81824104B00AE961C</string>
			</array>
			<key>isa</key>
			<string>PBXGroup</string>
			<key>name</key>
			<string>Supporting Files</string>
			<key>sourceTree</key>
			<string>&lt;group&gt;</string>
		</dict>
		<key>CE53CEB71824104B00AE961C</key>
		<dict>
			<key>isa</key>
			<string>PBXFileReference</string>
			<key>lastKnownFileType</key>
			<string>text.plist.xml</string>
			<key>path</key>
			<string>KanobuTests-Info.plist</string>
			<key>sourceTree</key>
			<string>&lt;group&gt;</string>
		</dict>
		<key>CE53CEB81824104B00AE961C</key>
		<dict>
			<key>children</key>
			<array>
				<string>CE53CEB91824104B00AE961C</string>
			</array>
			<key>isa</key>
			<string>PBXVariantGroup</string>
			<key>name</key>
			<string>InfoPlist.strings</string>
			<key>sourceTree</key>
			<string>&lt;group&gt;</string>
		</dict>
		<key>CE53CEB91824104B00AE961C</key>
		<dict>
			<key>isa</key>
			<string>PBXFileReference</string>
			<key>lastKnownFileType</key>
			<string>text.plist.strings</string>
			<key>name</key>
			<string>en</string>
			<key>path</key>
			<string>en.lproj/InfoPlist.strings</string>
			<key>sourceTree</key>
			<string>&lt;group&gt;</string>
		</dict>
		<key>CE53CEBA1824104B00AE961C</key>
		<dict>
			<key>fileRef</key>
			<string>CE53CEB81824104B00AE961C</string>
			<key>isa</key>
			<string>PBXBuildFile</string>
		</dict>
		<key>CE53CEBB1824104B00AE961C</key>
		<dict>
			<key>isa</key>
			<string>PBXFileReference</string>
			<key>lastKnownFileType</key>
			<string>sourcecode.c.objc</string>
			<key>path</key>
			<string>KanobuTests.m</string>
			<key>sourceTree</key>
			<string>&lt;group&gt;</string>
		</dict>
		<key>CE53CEBC1824104B00AE961C</key>
		<dict>
			<key>fileRef</key>
			<string>CE53CEBB1824104B00AE961C</string>
			<key>isa</key>
			<string>PBXBuildFile</string>
		</dict>
		<key>CE53CEBD1824104B00AE961C</key>
		<dict>
			<key>buildSettings</key>
			<dict>
				<key>ALWAYS_SEARCH_USER_PATHS</key>
				<string>NO</string>
				<key>ARCHS</key>
				<string>$(ARCHS_STANDARD_INCLUDING_64_BIT)</string>
				<key>CLANG_CXX_LANGUAGE_STANDARD</key>
				<string>gnu++0x</string>
				<key>CLANG_CXX_LIBRARY</key>
				<string>libc++</string>
				<key>CLANG_ENABLE_MODULES</key>
				<string>YES</string>
				<key>CLANG_ENABLE_OBJC_ARC</key>
				<string>YES</string>
				<key>CLANG_WARN_BOOL_CONVERSION</key>
				<string>YES</string>
				<key>CLANG_WARN_CONSTANT_CONVERSION</key>
				<string>YES</string>
				<key>CLANG_WARN_DIRECT_OBJC_ISA_USAGE</key>
				<string>YES_ERROR</string>
				<key>CLANG_WARN_EMPTY_BODY</key>
				<string>YES</string>
				<key>CLANG_WARN_ENUM_CONVERSION</key>
				<string>YES</string>
				<key>CLANG_WARN_INT_CONVERSION</key>
				<string>YES</string>
				<key>CLANG_WARN_OBJC_ROOT_CLASS</key>
				<string>YES_ERROR</string>
				<key>CLANG_WARN__DUPLICATE_METHOD_MATCH</key>
				<string>YES</string>
				<key>CODE_SIGN_IDENTITY[sdk=iphoneos*]</key>
				<string>iPhone Developer</string>
				<key>COPY_PHASE_STRIP</key>
				<string>NO</string>
				<key>GCC_C_LANGUAGE_STANDARD</key>
				<string>gnu99</string>
				<key>GCC_DYNAMIC_NO_PIC</key>
				<string>NO</string>
				<key>GCC_OPTIMIZATION_LEVEL</key>
				<string>0</string>
				<key>GCC_PREPROCESSOR_DEFINITIONS</key>
				<array>
					<string>DEBUG=1</string>
					<string>$(inherited)</string>
				</array>
				<key>GCC_SYMBOLS_PRIVATE_EXTERN</key>
				<string>NO</string>
				<key>GCC_WARN_64_TO_32_BIT_CONVERSION</key>
				<string>YES</string>
				<key>GCC_WARN_ABOUT_RETURN_TYPE</key>
				<string>YES_ERROR</string>
				<key>GCC_WARN_UNDECLARED_SELECTOR</key>
				<string>YES</string>
				<key>GCC_WARN_UNINITIALIZED_AUTOS</key>
				<string>YES</string>
				<key>GCC_WARN_UNUSED_FUNCTION</key>
				<string>YES</string>
				<key>GCC_WARN_UNUSED_VARIABLE</key>
				<string>YES</string>
				<key>IPHONEOS_DEPLOYMENT_TARGET</key>
				<string>7.0</string>
				<key>ONLY_ACTIVE_ARCH</key>
				<string>YES</string>
				<key>SDKROOT</key>
				<string>iphoneos</string>
				<key>TARGETED_DEVICE_FAMILY</key>
				<string>1,2</string>
			</dict>
			<key>isa</key>
			<string>XCBuildConfiguration</string>
			<key>name</key>
			<string>Debug</string>
		</dict>
		<key>CE53CEBE1824104B00AE961C</key>
		<dict>
			<key>buildSettings</key>
			<dict>
				<key>ALWAYS_SEARCH_USER_PATHS</key>
				<string>NO</string>
				<key>ARCHS</key>
				<string>$(ARCHS_STANDARD_INCLUDING_64_BIT)</string>
				<key>CLANG_CXX_LANGUAGE_STANDARD</key>
				<string>gnu++0x</string>
				<key>CLANG_CXX_LIBRARY</key>
				<string>libc++</string>
				<key>CLANG_ENABLE_MODULES</key>
				<string>YES</string>
				<key>CLANG_ENABLE_OBJC_ARC</key>
				<string>YES</string>
				<key>CLANG_WARN_BOOL_CONVERSION</key>
				<string>YES</string>
				<key>CLANG_WARN_CONSTANT_CONVERSION</key>
				<string>YES</string>
				<key>CLANG_WARN_DIRECT_OBJC_ISA_USAGE</key>
				<string>YES_ERROR</string>
				<key>CLANG_WARN_EMPTY_BODY</key>
				<string>YES</string>
				<key>CLANG_WARN_ENUM_CONVERSION</key>
				<string>YES</string>
				<key>CLANG_WARN_INT_CONVERSION</key>
				<string>YES</string>
				<key>CLANG_WARN_OBJC_ROOT_CLASS</key>
				<string>YES_ERROR</string>
				<key>CLANG_WARN__DUPLICATE_METHOD_MATCH</key>
				<string>YES</string>
				<key>CODE_SIGN_IDENTITY[sdk=iphoneos*]</key>
				<string>iPhone Developer</string>
				<key>COPY_PHASE_STRIP</key>
				<string>YES</string>
				<key>ENABLE_NS_ASSERTIONS</key>
				<string>NO</string>
				<key>GCC_C_LANGUAGE_STANDARD</key>
				<string>gnu99</string>
				<key>GCC_WARN_64_TO_32_BIT_CONVERSION</key>
				<string>YES</string>
				<key>GCC_WARN_ABOUT_RETURN_TYPE</key>
				<string>YES_ERROR</string>
				<key>GCC_WARN_UNDECLARED_SELECTOR</key>
				<string>YES</string>
				<key>GCC_WARN_UNINITIALIZED_AUTOS</key>
				<string>YES</string>
				<key>GCC_WARN_UNUSED_FUNCTION</key>
				<string>YES</string>
				<key>GCC_WARN_UNUSED_VARIABLE</key>
				<string>YES</string>
				<key>IPHONEOS_DEPLOYMENT_TARGET</key>
				<string>7.0</string>
				<key>SDKROOT</key>
				<string>iphoneos</string>
				<key>TARGETED_DEVICE_FAMILY</key>
				<string>1,2</string>
				<key>VALIDATE_PRODUCT</key>
				<string>YES</string>
			</dict>
			<key>isa</key>
			<string>XCBuildConfiguration</string>
			<key>name</key>
			<string>Release</string>
		</dict>
		<key>CE53CEBF1824104B00AE961C</key>
		<dict>
			<key>buildConfigurations</key>
			<array>
				<string>CE53CEC01824104B00AE961C</string>
				<string>CE53CEC11824104B00AE961C</string>
			</array>
			<key>defaultConfigurationIsVisible</key>
			<string>0</string>
			<key>isa</key>
			<string>XCConfigurationList</string>
		</dict>
		<key>CE53CEC01824104B00AE961C</key>
		<dict>
			<key>baseConfigurationReference</key>
			<string>32CAE7FF198B4CC5AC1BD742</string>
			<key>buildSettings</key>
			<dict>
				<key>ASSETCATALOG_COMPILER_APPICON_NAME</key>
				<string>AppIcon</string>
				<key>ASSETCATALOG_COMPILER_LAUNCHIMAGE_NAME</key>
				<string>LaunchImage</string>
				<key>CODE_SIGN_IDENTITY</key>
				<string>iPhone Developer</string>
				<key>CODE_SIGN_IDENTITY[sdk=iphoneos*]</key>
				<string>iPhone Developer</string>
				<key>GCC_PRECOMPILE_PREFIX_HEADER</key>
				<string>YES</string>
				<key>GCC_PREFIX_HEADER</key>
				<string>Kanobu/Kanobu-Prefix.pch</string>
				<key>INFOPLIST_FILE</key>
				<string>Kanobu/Kanobu-Info.plist</string>
				<key>PRODUCT_NAME</key>
				<string>$(TARGET_NAME)</string>
				<key>PROVISIONING_PROFILE</key>
				<string></string>
				<key>WRAPPER_EXTENSION</key>
				<string>app</string>
			</dict>
			<key>isa</key>
			<string>XCBuildConfiguration</string>
			<key>name</key>
			<string>Debug</string>
		</dict>
		<key>CE53CEC11824104B00AE961C</key>
		<dict>
			<key>baseConfigurationReference</key>
			<string>32CAE7FF198B4CC5AC1BD742</string>
			<key>buildSettings</key>
			<dict>
				<key>ASSETCATALOG_COMPILER_APPICON_NAME</key>
				<string>AppIcon</string>
				<key>ASSETCATALOG_COMPILER_LAUNCHIMAGE_NAME</key>
				<string>LaunchImage</string>
				<key>CODE_SIGN_IDENTITY</key>
				<string>iPhone Developer</string>
				<key>CODE_SIGN_IDENTITY[sdk=iphoneos*]</key>
				<string>iPhone Developer</string>
				<key>GCC_PRECOMPILE_PREFIX_HEADER</key>
				<string>YES</string>
				<key>GCC_PREFIX_HEADER</key>
				<string>Kanobu/Kanobu-Prefix.pch</string>
				<key>INFOPLIST_FILE</key>
				<string>Kanobu/Kanobu-Info.plist</string>
				<key>PRODUCT_NAME</key>
				<string>$(TARGET_NAME)</string>
				<key>PROVISIONING_PROFILE</key>
				<string></string>
				<key>WRAPPER_EXTENSION</key>
				<string>app</string>
			</dict>
			<key>isa</key>
			<string>XCBuildConfiguration</string>
			<key>name</key>
			<string>Release</string>
		</dict>
		<key>CE53CEC21824104B00AE961C</key>
		<dict>
			<key>buildConfigurations</key>
			<array>
				<string>CE53CEC31824104B00AE961C</string>
				<string>CE53CEC41824104B00AE961C</string>
			</array>
			<key>defaultConfigurationIsVisible</key>
			<string>0</string>
			<key>isa</key>
			<string>XCConfigurationList</string>
		</dict>
		<key>CE53CEC31824104B00AE961C</key>
		<dict>
			<key>buildSettings</key>
			<dict>
				<key>ARCHS</key>
				<string>$(ARCHS_STANDARD_INCLUDING_64_BIT)</string>
				<key>BUNDLE_LOADER</key>
				<string>$(BUILT_PRODUCTS_DIR)/Kanobu.app/Kanobu</string>
				<key>FRAMEWORK_SEARCH_PATHS</key>
				<array>
					<string>$(SDKROOT)/Developer/Library/Frameworks</string>
					<string>$(inherited)</string>
					<string>$(DEVELOPER_FRAMEWORKS_DIR)</string>
				</array>
				<key>GCC_PRECOMPILE_PREFIX_HEADER</key>
				<string>YES</string>
				<key>GCC_PREFIX_HEADER</key>
				<string>Kanobu/Kanobu-Prefix.pch</string>
				<key>GCC_PREPROCESSOR_DEFINITIONS</key>
				<array>
					<string>DEBUG=1</string>
					<string>$(inherited)</string>
				</array>
				<key>INFOPLIST_FILE</key>
				<string>KanobuTests/KanobuTests-Info.plist</string>
				<key>PRODUCT_NAME</key>
				<string>$(TARGET_NAME)</string>
				<key>TEST_HOST</key>
				<string>$(BUNDLE_LOADER)</string>
				<key>WRAPPER_EXTENSION</key>
				<string>xctest</string>
			</dict>
			<key>isa</key>
			<string>XCBuildConfiguration</string>
			<key>name</key>
			<string>Debug</string>
		</dict>
		<key>CE53CEC41824104B00AE961C</key>
		<dict>
			<key>buildSettings</key>
			<dict>
				<key>ARCHS</key>
				<string>$(ARCHS_STANDARD_INCLUDING_64_BIT)</string>
				<key>BUNDLE_LOADER</key>
				<string>$(BUILT_PRODUCTS_DIR)/Kanobu.app/Kanobu</string>
				<key>FRAMEWORK_SEARCH_PATHS</key>
				<array>
					<string>$(SDKROOT)/Developer/Library/Frameworks</string>
					<string>$(inherited)</string>
					<string>$(DEVELOPER_FRAMEWORKS_DIR)</string>
				</array>
				<key>GCC_PRECOMPILE_PREFIX_HEADER</key>
				<string>YES</string>
				<key>GCC_PREFIX_HEADER</key>
				<string>Kanobu/Kanobu-Prefix.pch</string>
				<key>INFOPLIST_FILE</key>
				<string>KanobuTests/KanobuTests-Info.plist</string>
				<key>PRODUCT_NAME</key>
				<string>$(TARGET_NAME)</string>
				<key>TEST_HOST</key>
				<string>$(BUNDLE_LOADER)</string>
				<key>WRAPPER_EXTENSION</key>
				<string>xctest</string>
			</dict>
			<key>isa</key>
			<string>XCBuildConfiguration</string>
			<key>name</key>
			<string>Release</string>
		</dict>
	</dict>
	<key>rootObject</key>
	<string>CE53CE7F1824104B00AE961C</string>
</dict>
</plist>
